// !$*UTF8*$!
{
	archiveVersion = 1;
	classes = {
	};
	objectVersion = 51;
	objects = {

/* Begin PBXBuildFile section */
		01B6E5EF23A4CA3D00E6E023 /* LaunchScreen.storyboard in Resources */ = {isa = PBXBuildFile; fileRef = 48E921D322D97507007EF7A0 /* LaunchScreen.storyboard */; };
		482A0C8C2329DBB5005D62AA /* BeeThinking.mp3 in Resources */ = {isa = PBXBuildFile; fileRef = 482A0C8B2329DBB5005D62AA /* BeeThinking.mp3 */; };
		48524769231736430027E683 /* UserSettingViewController.swift in Sources */ = {isa = PBXBuildFile; fileRef = 48524768231736430027E683 /* UserSettingViewController.swift */; };
		4852476B231757E30027E683 /* DataManagementViewController.swift in Sources */ = {isa = PBXBuildFile; fileRef = 4852476A231757E30027E683 /* DataManagementViewController.swift */; };
		4867BCAB22ED95FD0002CDA9 /* NextViewController.swift in Sources */ = {isa = PBXBuildFile; fileRef = 4867BCAA22ED95FD0002CDA9 /* NextViewController.swift */; };
		4877BEAE22F7AD7B00683CB6 /* HexUIButton.swift in Sources */ = {isa = PBXBuildFile; fileRef = 4877BEAD22F7AD7B00683CB6 /* HexUIButton.swift */; };
		48815460231DFA3400F2A90A /* HoneycombSound.swift in Sources */ = {isa = PBXBuildFile; fileRef = 4881545F231DFA3400F2A90A /* HoneycombSound.swift */; };
		48815465231FBC4F00F2A90A /* QandAViewController.swift in Sources */ = {isa = PBXBuildFile; fileRef = 48815464231FBC4F00F2A90A /* QandAViewController.swift */; };
		48815467231FBC6900F2A90A /* PDFViewController.swift in Sources */ = {isa = PBXBuildFile; fileRef = 48815466231FBC6900F2A90A /* PDFViewController.swift */; };
		48939E2422F536640007C462 /* SCViewController.swift in Sources */ = {isa = PBXBuildFile; fileRef = 48939E2322F536640007C462 /* SCViewController.swift */; };
		48C6E20E22F9523A002D05B8 /* HexUILabel.swift in Sources */ = {isa = PBXBuildFile; fileRef = 48C6E20D22F9523A002D05B8 /* HexUILabel.swift */; };
		48CA187522F6D47900072B99 /* IdeaData.swift in Sources */ = {isa = PBXBuildFile; fileRef = 48CA187422F6D47900072B99 /* IdeaData.swift */; };
		48D3C0DC23433F880050451C /* GoogleService-Info.plist in Resources */ = {isa = PBXBuildFile; fileRef = 48D3C0DB23433F880050451C /* GoogleService-Info.plist */; };
		48D53B47231242B900D96903 /* SettingViewController.swift in Sources */ = {isa = PBXBuildFile; fileRef = 48D53B46231242B900D96903 /* SettingViewController.swift */; };
		48DF709C2312DE1C00BE2B6D /* AboutBeeThinkingViewController.swift in Sources */ = {isa = PBXBuildFile; fileRef = 48DF709B2312DE1C00BE2B6D /* AboutBeeThinkingViewController.swift */; };
		48DF70A02312DF3E00BE2B6D /* AboutBeeSeriesViewController.swift in Sources */ = {isa = PBXBuildFile; fileRef = 48DF709F2312DF3E00BE2B6D /* AboutBeeSeriesViewController.swift */; };
		48DF70A22312F54900BE2B6D /* AgreementViewController.swift in Sources */ = {isa = PBXBuildFile; fileRef = 48DF70A12312F54900BE2B6D /* AgreementViewController.swift */; };
		48DF70A62313ABAA00BE2B6D /* DeleatDateViewController.swift in Sources */ = {isa = PBXBuildFile; fileRef = 48DF70A52313ABAA00BE2B6D /* DeleatDateViewController.swift */; };
		48E921CB22D97507007EF7A0 /* AppDelegate.swift in Sources */ = {isa = PBXBuildFile; fileRef = 48E921CA22D97507007EF7A0 /* AppDelegate.swift */; };
		48E921CD22D97507007EF7A0 /* ViewController.swift in Sources */ = {isa = PBXBuildFile; fileRef = 48E921CC22D97507007EF7A0 /* ViewController.swift */; };
		48E921D022D97507007EF7A0 /* Main.storyboard in Resources */ = {isa = PBXBuildFile; fileRef = 48E921CE22D97507007EF7A0 /* Main.storyboard */; };
		48E921E022DAB49F007EF7A0 /* Assets.xcassets in Resources */ = {isa = PBXBuildFile; fileRef = 48E921DF22DAB49E007EF7A0 /* Assets.xcassets */; };
		48F7B4552310CEBA00287D46 /* CreateIdea.swift in Sources */ = {isa = PBXBuildFile; fileRef = 48F7B4542310CEBA00287D46 /* CreateIdea.swift */; };
		48F7B4572310D0CF00287D46 /* UpdateIdea.swift in Sources */ = {isa = PBXBuildFile; fileRef = 48F7B4562310D0CF00287D46 /* UpdateIdea.swift */; };
		F0B721191CDE5A15AB277C7E /* Pods__Beethinking.framework in Frameworks */ = {isa = PBXBuildFile; fileRef = 0821EBA86C543197E7901B46 /* Pods__Beethinking.framework */; };
/* End PBXBuildFile section */

/* Begin PBXFileReference section */
		01B6E5EE23A4C3AD00E6E023 /* en */ = {isa = PBXFileReference; lastKnownFileType = text.plist.strings; name = en; path = en.lproj/LaunchScreen.strings; sourceTree = "<group>"; };
		01B6E5F023A4CB4100E6E023 /* zh-Hans */ = {isa = PBXFileReference; lastKnownFileType = text.plist.strings; name = "zh-Hans"; path = "zh-Hans.lproj/Main.strings"; sourceTree = "<group>"; };
		0821EBA86C543197E7901B46 /* Pods__Beethinking.framework */ = {isa = PBXFileReference; explicitFileType = wrapper.framework; includeInIndex = 0; path = Pods__Beethinking.framework; sourceTree = BUILT_PRODUCTS_DIR; };
		481CA7FE23119048009BBA57 /* !BeeThinking.xcodeproj */ = {isa = PBXFileReference; lastKnownFileType = "wrapper.pb-project"; name = "!BeeThinking.xcodeproj"; path = "../../Beethinking_with_tin/!BeeThinking.xcodeproj"; sourceTree = "<group>"; };
		481FA081234F440B00CA6835 /* ja */ = {isa = PBXFileReference; lastKnownFileType = text.plist.strings; name = ja; path = ja.lproj/Main.strings; sourceTree = "<group>"; };
		481FA082234F440C00CA6835 /* ja */ = {isa = PBXFileReference; lastKnownFileType = text.plist.strings; name = ja; path = ja.lproj/LaunchScreen.strings; sourceTree = "<group>"; };
		481FA084234F441D00CA6835 /* zh-Hans */ = {isa = PBXFileReference; lastKnownFileType = text.plist.strings; name = "zh-Hans"; path = "zh-Hans.lproj/LaunchScreen.strings"; sourceTree = "<group>"; };
		481FA085234F442E00CA6835 /* zh-Hant */ = {isa = PBXFileReference; lastKnownFileType = text.plist.strings; name = "zh-Hant"; path = "zh-Hant.lproj/Main.strings"; sourceTree = "<group>"; };
		481FA086234F442E00CA6835 /* zh-Hant */ = {isa = PBXFileReference; lastKnownFileType = text.plist.strings; name = "zh-Hant"; path = "zh-Hant.lproj/LaunchScreen.strings"; sourceTree = "<group>"; };
		481FA088234F448900CA6835 /* en */ = {isa = PBXFileReference; lastKnownFileType = text.plist.strings; name = en; path = en.lproj/Main.strings; sourceTree = "<group>"; };
		482A0C8B2329DBB5005D62AA /* BeeThinking.mp3 */ = {isa = PBXFileReference; lastKnownFileType = audio.mp3; path = BeeThinking.mp3; sourceTree = "<group>"; };
		48524768231736430027E683 /* UserSettingViewController.swift */ = {isa = PBXFileReference; lastKnownFileType = sourcecode.swift; path = UserSettingViewController.swift; sourceTree = "<group>"; };
		4852476A231757E30027E683 /* DataManagementViewController.swift */ = {isa = PBXFileReference; lastKnownFileType = sourcecode.swift; path = DataManagementViewController.swift; sourceTree = "<group>"; };
		4867BCAA22ED95FD0002CDA9 /* NextViewController.swift */ = {isa = PBXFileReference; lastKnownFileType = sourcecode.swift; path = NextViewController.swift; sourceTree = "<group>"; };
		4877BEAD22F7AD7B00683CB6 /* HexUIButton.swift */ = {isa = PBXFileReference; lastKnownFileType = sourcecode.swift; path = HexUIButton.swift; sourceTree = "<group>"; };
		4881545F231DFA3400F2A90A /* HoneycombSound.swift */ = {isa = PBXFileReference; lastKnownFileType = sourcecode.swift; path = HoneycombSound.swift; sourceTree = "<group>"; };
		48815464231FBC4F00F2A90A /* QandAViewController.swift */ = {isa = PBXFileReference; lastKnownFileType = sourcecode.swift; path = QandAViewController.swift; sourceTree = "<group>"; };
		48815466231FBC6900F2A90A /* PDFViewController.swift */ = {isa = PBXFileReference; lastKnownFileType = sourcecode.swift; path = PDFViewController.swift; sourceTree = "<group>"; };
		48939E2322F536640007C462 /* SCViewController.swift */ = {isa = PBXFileReference; lastKnownFileType = sourcecode.swift; path = SCViewController.swift; sourceTree = "<group>"; };
		48C6E20D22F9523A002D05B8 /* HexUILabel.swift */ = {isa = PBXFileReference; lastKnownFileType = sourcecode.swift; path = HexUILabel.swift; sourceTree = "<group>"; };
		48CA187422F6D47900072B99 /* IdeaData.swift */ = {isa = PBXFileReference; lastKnownFileType = sourcecode.swift; path = IdeaData.swift; sourceTree = "<group>"; };
		48D3C0DB23433F880050451C /* GoogleService-Info.plist */ = {isa = PBXFileReference; fileEncoding = 4; lastKnownFileType = text.plist.xml; path = "GoogleService-Info.plist"; sourceTree = "<group>"; };
		48D53B46231242B900D96903 /* SettingViewController.swift */ = {isa = PBXFileReference; lastKnownFileType = sourcecode.swift; path = SettingViewController.swift; sourceTree = "<group>"; };
		48DF709B2312DE1C00BE2B6D /* AboutBeeThinkingViewController.swift */ = {isa = PBXFileReference; lastKnownFileType = sourcecode.swift; path = AboutBeeThinkingViewController.swift; sourceTree = "<group>"; };
		48DF709F2312DF3E00BE2B6D /* AboutBeeSeriesViewController.swift */ = {isa = PBXFileReference; lastKnownFileType = sourcecode.swift; path = AboutBeeSeriesViewController.swift; sourceTree = "<group>"; };
		48DF70A12312F54900BE2B6D /* AgreementViewController.swift */ = {isa = PBXFileReference; lastKnownFileType = sourcecode.swift; path = AgreementViewController.swift; sourceTree = "<group>"; };
		48DF70A52313ABAA00BE2B6D /* DeleatDateViewController.swift */ = {isa = PBXFileReference; lastKnownFileType = sourcecode.swift; path = DeleatDateViewController.swift; sourceTree = "<group>"; };
		48E921C722D97507007EF7A0 /* !Beethinking.app */ = {isa = PBXFileReference; explicitFileType = wrapper.application; includeInIndex = 0; path = "!Beethinking.app"; sourceTree = BUILT_PRODUCTS_DIR; };
		48E921CA22D97507007EF7A0 /* AppDelegate.swift */ = {isa = PBXFileReference; lastKnownFileType = sourcecode.swift; path = AppDelegate.swift; sourceTree = "<group>"; };
		48E921CC22D97507007EF7A0 /* ViewController.swift */ = {isa = PBXFileReference; lastKnownFileType = sourcecode.swift; path = ViewController.swift; sourceTree = "<group>"; wrapsLines = 0; };
		48E921CF22D97507007EF7A0 /* Base */ = {isa = PBXFileReference; lastKnownFileType = file.storyboard; name = Base; path = Base.lproj/Main.storyboard; sourceTree = "<group>"; };
		48E921D422D97507007EF7A0 /* Base */ = {isa = PBXFileReference; lastKnownFileType = file.storyboard; name = Base; path = Base.lproj/LaunchScreen.storyboard; sourceTree = "<group>"; };
		48E921D622D97507007EF7A0 /* Info.plist */ = {isa = PBXFileReference; lastKnownFileType = text.plist.xml; path = Info.plist; sourceTree = "<group>"; };
		48E921DF22DAB49E007EF7A0 /* Assets.xcassets */ = {isa = PBXFileReference; lastKnownFileType = folder.assetcatalog; path = Assets.xcassets; sourceTree = "<group>"; };
		48F7B4542310CEBA00287D46 /* CreateIdea.swift */ = {isa = PBXFileReference; lastKnownFileType = sourcecode.swift; path = CreateIdea.swift; sourceTree = "<group>"; };
		48F7B4562310D0CF00287D46 /* UpdateIdea.swift */ = {isa = PBXFileReference; lastKnownFileType = sourcecode.swift; path = UpdateIdea.swift; sourceTree = "<group>"; };
		53CF705B0719A3A4F12B97DD /* Pods-!Beethinking.debug.xcconfig */ = {isa = PBXFileReference; includeInIndex = 1; lastKnownFileType = text.xcconfig; name = "Pods-!Beethinking.debug.xcconfig"; path = "Target Support Files/Pods-!Beethinking/Pods-!Beethinking.debug.xcconfig"; sourceTree = "<group>"; };
		EAE278A870E1E305008D8DDE /* Pods-!Beethinking.release.xcconfig */ = {isa = PBXFileReference; includeInIndex = 1; lastKnownFileType = text.xcconfig; name = "Pods-!Beethinking.release.xcconfig"; path = "Target Support Files/Pods-!Beethinking/Pods-!Beethinking.release.xcconfig"; sourceTree = "<group>"; };
/* End PBXFileReference section */

/* Begin PBXFrameworksBuildPhase section */
		48E921C422D97507007EF7A0 /* Frameworks */ = {
			isa = PBXFrameworksBuildPhase;
			buildActionMask = 2147483647;
			files = (
				F0B721191CDE5A15AB277C7E /* Pods__Beethinking.framework in Frameworks */,
			);
			runOnlyForDeploymentPostprocessing = 0;
		};
/* End PBXFrameworksBuildPhase section */

/* Begin PBXGroup section */
		320E740A1C76349B0ADEAAF8 /* Pods */ = {
			isa = PBXGroup;
			children = (
				53CF705B0719A3A4F12B97DD /* Pods-!Beethinking.debug.xcconfig */,
				EAE278A870E1E305008D8DDE /* Pods-!Beethinking.release.xcconfig */,
			);
			path = Pods;
			sourceTree = "<group>";
		};
		42E838B435740209A5143E12 /* Frameworks */ = {
			isa = PBXGroup;
			children = (
				481CA7FE23119048009BBA57 /* !BeeThinking.xcodeproj */,
				0821EBA86C543197E7901B46 /* Pods__Beethinking.framework */,
			);
			name = Frameworks;
			sourceTree = "<group>";
		};
		48400CCF22FD7FDE003E8E1E /* Controllers */ = {
			isa = PBXGroup;
			children = (
				48524768231736430027E683 /* UserSettingViewController.swift */,
				48DF70A52313ABAA00BE2B6D /* DeleatDateViewController.swift */,
				48DF70A12312F54900BE2B6D /* AgreementViewController.swift */,
				48E921CC22D97507007EF7A0 /* ViewController.swift */,
				48939E2322F536640007C462 /* SCViewController.swift */,
				4867BCAA22ED95FD0002CDA9 /* NextViewController.swift */,
				48D53B46231242B900D96903 /* SettingViewController.swift */,
				48DF709B2312DE1C00BE2B6D /* AboutBeeThinkingViewController.swift */,
				48DF709F2312DF3E00BE2B6D /* AboutBeeSeriesViewController.swift */,
				4852476A231757E30027E683 /* DataManagementViewController.swift */,
				48815464231FBC4F00F2A90A /* QandAViewController.swift */,
				48815466231FBC6900F2A90A /* PDFViewController.swift */,
			);
			path = Controllers;
			sourceTree = "<group>";
		};
		48C6E20C22F9514C002D05B8 /* SubClass */ = {
			isa = PBXGroup;
			children = (
				4877BEAD22F7AD7B00683CB6 /* HexUIButton.swift */,
				48C6E20D22F9523A002D05B8 /* HexUILabel.swift */,
				48F7B4542310CEBA00287D46 /* CreateIdea.swift */,
				48F7B4562310D0CF00287D46 /* UpdateIdea.swift */,
				4881545F231DFA3400F2A90A /* HoneycombSound.swift */,
			);
			path = SubClass;
			sourceTree = "<group>";
		};
		48CA187622F6D78200072B99 /* Objects */ = {
			isa = PBXGroup;
			children = (
				48CA187422F6D47900072B99 /* IdeaData.swift */,
			);
			path = Objects;
			sourceTree = "<group>";
		};
		48E921BE22D97507007EF7A0 = {
			isa = PBXGroup;
			children = (
				48E921C922D97507007EF7A0 /* BeeThinking */,
				48E921C822D97507007EF7A0 /* Products */,
				320E740A1C76349B0ADEAAF8 /* Pods */,
				42E838B435740209A5143E12 /* Frameworks */,
			);
			sourceTree = "<group>";
		};
		48E921C822D97507007EF7A0 /* Products */ = {
			isa = PBXGroup;
			children = (
				48E921C722D97507007EF7A0 /* !Beethinking.app */,
			);
			name = Products;
			sourceTree = "<group>";
		};
		48E921C922D97507007EF7A0 /* BeeThinking */ = {
			isa = PBXGroup;
			children = (
				48C6E20C22F9514C002D05B8 /* SubClass */,
				48CA187622F6D78200072B99 /* Objects */,
				48400CCF22FD7FDE003E8E1E /* Controllers */,
				48E921CA22D97507007EF7A0 /* AppDelegate.swift */,
				48E921CE22D97507007EF7A0 /* Main.storyboard */,
				48E921DF22DAB49E007EF7A0 /* Assets.xcassets */,
				48E921D322D97507007EF7A0 /* LaunchScreen.storyboard */,
				48D3C0DB23433F880050451C /* GoogleService-Info.plist */,
				48E921D622D97507007EF7A0 /* Info.plist */,
				482A0C8B2329DBB5005D62AA /* BeeThinking.mp3 */,
			);
			path = BeeThinking;
			sourceTree = "<group>";
		};
/* End PBXGroup section */

/* Begin PBXNativeTarget section */
		48E921C622D97507007EF7A0 /* !Beethinking */ = {
			isa = PBXNativeTarget;
			buildConfigurationList = 48E921D922D97507007EF7A0 /* Build configuration list for PBXNativeTarget "!Beethinking" */;
			buildPhases = (
				4573323ED7DC21E0693DC7EA /* [CP] Check Pods Manifest.lock */,
				483351692316133B0024720E /* Run Script */,
				48E921C322D97507007EF7A0 /* Sources */,
				48E921C422D97507007EF7A0 /* Frameworks */,
				48E921C522D97507007EF7A0 /* Resources */,
				139545FBA9DF984744C4ED80 /* [CP] Embed Pods Frameworks */,
			);
			buildRules = (
			);
			dependencies = (
			);
			name = "!Beethinking";
			productName = Beethinking;
			productReference = 48E921C722D97507007EF7A0 /* !Beethinking.app */;
			productType = "com.apple.product-type.application";
		};
/* End PBXNativeTarget section */

/* Begin PBXProject section */
		48E921BF22D97507007EF7A0 /* Project object */ = {
			isa = PBXProject;
			attributes = {
				KnownAssetTags = (
					1,
					tag1,
				);
				LastSwiftUpdateCheck = 1020;
				LastUpgradeCheck = 1020;
				ORGANIZATIONNAME = "堀川浩二";
				TargetAttributes = {
					48E921C622D97507007EF7A0 = {
						CreatedOnToolsVersion = 10.2.1;
						SystemCapabilities = {
							com.apple.InAppPurchase = {
								enabled = 0;
							};
						};
					};
				};
			};
			buildConfigurationList = 48E921C222D97507007EF7A0 /* Build configuration list for PBXProject "BeeThinking" */;
			compatibilityVersion = "Xcode 10.0";
			developmentRegion = en;
			hasScannedForEncodings = 0;
			knownRegions = (
				en,
				Base,
				ja,
				"zh-Hans",
				"zh-Hant",
			);
			mainGroup = 48E921BE22D97507007EF7A0;
			productRefGroup = 48E921C822D97507007EF7A0 /* Products */;
			projectDirPath = "";
			projectRoot = "";
			targets = (
				48E921C622D97507007EF7A0 /* !Beethinking */,
			);
		};
/* End PBXProject section */

/* Begin PBXResourcesBuildPhase section */
		48E921C522D97507007EF7A0 /* Resources */ = {
			isa = PBXResourcesBuildPhase;
			buildActionMask = 2147483647;
			files = (
				48E921E022DAB49F007EF7A0 /* Assets.xcassets in Resources */,
				48D3C0DC23433F880050451C /* GoogleService-Info.plist in Resources */,
				482A0C8C2329DBB5005D62AA /* BeeThinking.mp3 in Resources */,
				01B6E5EF23A4CA3D00E6E023 /* LaunchScreen.storyboard in Resources */,
				48E921D022D97507007EF7A0 /* Main.storyboard in Resources */,
			);
			runOnlyForDeploymentPostprocessing = 0;
		};
/* End PBXResourcesBuildPhase section */

/* Begin PBXShellScriptBuildPhase section */
		139545FBA9DF984744C4ED80 /* [CP] Embed Pods Frameworks */ = {
			isa = PBXShellScriptBuildPhase;
			buildActionMask = 2147483647;
			files = (
			);
			inputFileListPaths = (
				"${PODS_ROOT}/Target Support Files/Pods-!Beethinking/Pods-!Beethinking-frameworks-${CONFIGURATION}-input-files.xcfilelist",
			);
			name = "[CP] Embed Pods Frameworks";
			outputFileListPaths = (
				"${PODS_ROOT}/Target Support Files/Pods-!Beethinking/Pods-!Beethinking-frameworks-${CONFIGURATION}-output-files.xcfilelist",
			);
			runOnlyForDeploymentPostprocessing = 0;
			shellPath = /bin/sh;
			shellScript = "\"${PODS_ROOT}/Target Support Files/Pods-!Beethinking/Pods-!Beethinking-frameworks.sh\"\n";
			showEnvVarsInLog = 0;
		};
		4573323ED7DC21E0693DC7EA /* [CP] Check Pods Manifest.lock */ = {
			isa = PBXShellScriptBuildPhase;
			buildActionMask = 2147483647;
			files = (
			);
			inputFileListPaths = (
			);
			inputPaths = (
				"${PODS_PODFILE_DIR_PATH}/Podfile.lock",
				"${PODS_ROOT}/Manifest.lock",
			);
			name = "[CP] Check Pods Manifest.lock";
			outputFileListPaths = (
			);
			outputPaths = (
				"$(DERIVED_FILE_DIR)/Pods-!Beethinking-checkManifestLockResult.txt",
			);
			runOnlyForDeploymentPostprocessing = 0;
			shellPath = /bin/sh;
			shellScript = "diff \"${PODS_PODFILE_DIR_PATH}/Podfile.lock\" \"${PODS_ROOT}/Manifest.lock\" > /dev/null\nif [ $? != 0 ] ; then\n    # print error to STDERR\n    echo \"error: The sandbox is not in sync with the Podfile.lock. Run 'pod install' or update your CocoaPods installation.\" >&2\n    exit 1\nfi\n# This output is used by Xcode 'outputs' to avoid re-running this script phase.\necho \"SUCCESS\" > \"${SCRIPT_OUTPUT_FILE_0}\"\n";
			showEnvVarsInLog = 0;
		};
		483351692316133B0024720E /* Run Script */ = {
			isa = PBXShellScriptBuildPhase;
			buildActionMask = 2147483647;
			files = (
			);
			inputFileListPaths = (
			);
			inputPaths = (
			);
			name = "Run Script";
			outputFileListPaths = (
			);
			outputPaths = (
			);
			runOnlyForDeploymentPostprocessing = 0;
			shellPath = /bin/sh;
			shellScript = "# Type a script or drag a script file from your workspace to insert its path.\ninfoPlistFile=\"${SRCROOT}/${INFOPLIST_FILE}\"\nbuildNumber=$(/usr/libexec/PlistBuddy -c \"Print CFBundleVersion\" \"${infoPlistFile}\")\nbuildNumber=$((${buildNumber%%.*} + 1))\n/usr/libexec/PlistBuddy -c \"Set:CFBundleVersion $buildNumber\" \"${infoPlistFile}\"\n";
		};
/* End PBXShellScriptBuildPhase section */

/* Begin PBXSourcesBuildPhase section */
		48E921C322D97507007EF7A0 /* Sources */ = {
			isa = PBXSourcesBuildPhase;
			buildActionMask = 2147483647;
			files = (
				48DF70A22312F54900BE2B6D /* AgreementViewController.swift in Sources */,
				48815467231FBC6900F2A90A /* PDFViewController.swift in Sources */,
				48815460231DFA3400F2A90A /* HoneycombSound.swift in Sources */,
				48E921CD22D97507007EF7A0 /* ViewController.swift in Sources */,
				4867BCAB22ED95FD0002CDA9 /* NextViewController.swift in Sources */,
				48F7B4552310CEBA00287D46 /* CreateIdea.swift in Sources */,
				48939E2422F536640007C462 /* SCViewController.swift in Sources */,
				48DF70A62313ABAA00BE2B6D /* DeleatDateViewController.swift in Sources */,
				48F7B4572310D0CF00287D46 /* UpdateIdea.swift in Sources */,
				48D53B47231242B900D96903 /* SettingViewController.swift in Sources */,
				48DF70A02312DF3E00BE2B6D /* AboutBeeSeriesViewController.swift in Sources */,
				4877BEAE22F7AD7B00683CB6 /* HexUIButton.swift in Sources */,
				48524769231736430027E683 /* UserSettingViewController.swift in Sources */,
				48DF709C2312DE1C00BE2B6D /* AboutBeeThinkingViewController.swift in Sources */,
				48C6E20E22F9523A002D05B8 /* HexUILabel.swift in Sources */,
				4852476B231757E30027E683 /* DataManagementViewController.swift in Sources */,
				48CA187522F6D47900072B99 /* IdeaData.swift in Sources */,
				48815465231FBC4F00F2A90A /* QandAViewController.swift in Sources */,
				48E921CB22D97507007EF7A0 /* AppDelegate.swift in Sources */,
			);
			runOnlyForDeploymentPostprocessing = 0;
		};
/* End PBXSourcesBuildPhase section */

/* Begin PBXVariantGroup section */
		48E921CE22D97507007EF7A0 /* Main.storyboard */ = {
			isa = PBXVariantGroup;
			children = (
				48E921CF22D97507007EF7A0 /* Base */,
				481FA081234F440B00CA6835 /* ja */,
				481FA085234F442E00CA6835 /* zh-Hant */,
				481FA088234F448900CA6835 /* en */,
				01B6E5F023A4CB4100E6E023 /* zh-Hans */,
			);
			name = Main.storyboard;
			sourceTree = "<group>";
		};
		48E921D322D97507007EF7A0 /* LaunchScreen.storyboard */ = {
			isa = PBXVariantGroup;
			children = (
				48E921D422D97507007EF7A0 /* Base */,
				481FA082234F440C00CA6835 /* ja */,
				481FA084234F441D00CA6835 /* zh-Hans */,
				481FA086234F442E00CA6835 /* zh-Hant */,
				01B6E5EE23A4C3AD00E6E023 /* en */,
			);
			name = LaunchScreen.storyboard;
			sourceTree = "<group>";
		};
/* End PBXVariantGroup section */

/* Begin XCBuildConfiguration section */
		48E921D722D97507007EF7A0 /* Debug */ = {
			isa = XCBuildConfiguration;
			buildSettings = {
				ALWAYS_SEARCH_USER_PATHS = NO;
				CLANG_ANALYZER_LOCALIZABILITY_NONLOCALIZED = YES;
				CLANG_ANALYZER_NONNULL = YES;
				CLANG_ANALYZER_NUMBER_OBJECT_CONVERSION = YES_AGGRESSIVE;
				CLANG_CXX_LANGUAGE_STANDARD = "gnu++14";
				CLANG_CXX_LIBRARY = "libc++";
				CLANG_ENABLE_MODULES = YES;
				CLANG_ENABLE_OBJC_ARC = YES;
				CLANG_ENABLE_OBJC_WEAK = YES;
				CLANG_WARN_BLOCK_CAPTURE_AUTORELEASING = YES;
				CLANG_WARN_BOOL_CONVERSION = YES;
				CLANG_WARN_COMMA = YES;
				CLANG_WARN_CONSTANT_CONVERSION = YES;
				CLANG_WARN_DEPRECATED_OBJC_IMPLEMENTATIONS = YES;
				CLANG_WARN_DIRECT_OBJC_ISA_USAGE = YES_ERROR;
				CLANG_WARN_DOCUMENTATION_COMMENTS = YES;
				CLANG_WARN_EMPTY_BODY = YES;
				CLANG_WARN_ENUM_CONVERSION = YES;
				CLANG_WARN_INFINITE_RECURSION = YES;
				CLANG_WARN_INT_CONVERSION = YES;
				CLANG_WARN_NON_LITERAL_NULL_CONVERSION = YES;
				CLANG_WARN_OBJC_IMPLICIT_RETAIN_SELF = YES;
				CLANG_WARN_OBJC_LITERAL_CONVERSION = YES;
				CLANG_WARN_OBJC_ROOT_CLASS = YES_ERROR;
				CLANG_WARN_RANGE_LOOP_ANALYSIS = YES;
				CLANG_WARN_STRICT_PROTOTYPES = YES;
				CLANG_WARN_SUSPICIOUS_MOVE = YES;
				CLANG_WARN_UNGUARDED_AVAILABILITY = YES_AGGRESSIVE;
				CLANG_WARN_UNREACHABLE_CODE = YES;
				CLANG_WARN__DUPLICATE_METHOD_MATCH = YES;
				CODE_SIGN_IDENTITY = "iPhone Developer";
				COPY_PHASE_STRIP = NO;
				DEBUG_INFORMATION_FORMAT = dwarf;
				ENABLE_STRICT_OBJC_MSGSEND = YES;
				ENABLE_TESTABILITY = YES;
				GCC_C_LANGUAGE_STANDARD = gnu11;
				GCC_DYNAMIC_NO_PIC = NO;
				GCC_NO_COMMON_BLOCKS = YES;
				GCC_OPTIMIZATION_LEVEL = 0;
				GCC_PREPROCESSOR_DEFINITIONS = (
					"DEBUG=1",
					"$(inherited)",
				);
				GCC_WARN_64_TO_32_BIT_CONVERSION = YES;
				GCC_WARN_ABOUT_RETURN_TYPE = YES_ERROR;
				GCC_WARN_UNDECLARED_SELECTOR = YES;
				GCC_WARN_UNINITIALIZED_AUTOS = YES_AGGRESSIVE;
				GCC_WARN_UNUSED_FUNCTION = YES;
				GCC_WARN_UNUSED_VARIABLE = YES;
				IPHONEOS_DEPLOYMENT_TARGET = 12.2;
				MTL_ENABLE_DEBUG_INFO = INCLUDE_SOURCE;
				MTL_FAST_MATH = YES;
				ONLY_ACTIVE_ARCH = YES;
				SDKROOT = iphoneos;
				SWIFT_ACTIVE_COMPILATION_CONDITIONS = DEBUG;
				SWIFT_OPTIMIZATION_LEVEL = "-Onone";
			};
			name = Debug;
		};
		48E921D822D97507007EF7A0 /* Release */ = {
			isa = XCBuildConfiguration;
			buildSettings = {
				ALWAYS_SEARCH_USER_PATHS = NO;
				CLANG_ANALYZER_LOCALIZABILITY_NONLOCALIZED = YES;
				CLANG_ANALYZER_NONNULL = YES;
				CLANG_ANALYZER_NUMBER_OBJECT_CONVERSION = YES_AGGRESSIVE;
				CLANG_CXX_LANGUAGE_STANDARD = "gnu++14";
				CLANG_CXX_LIBRARY = "libc++";
				CLANG_ENABLE_MODULES = YES;
				CLANG_ENABLE_OBJC_ARC = YES;
				CLANG_ENABLE_OBJC_WEAK = YES;
				CLANG_WARN_BLOCK_CAPTURE_AUTORELEASING = YES;
				CLANG_WARN_BOOL_CONVERSION = YES;
				CLANG_WARN_COMMA = YES;
				CLANG_WARN_CONSTANT_CONVERSION = YES;
				CLANG_WARN_DEPRECATED_OBJC_IMPLEMENTATIONS = YES;
				CLANG_WARN_DIRECT_OBJC_ISA_USAGE = YES_ERROR;
				CLANG_WARN_DOCUMENTATION_COMMENTS = YES;
				CLANG_WARN_EMPTY_BODY = YES;
				CLANG_WARN_ENUM_CONVERSION = YES;
				CLANG_WARN_INFINITE_RECURSION = YES;
				CLANG_WARN_INT_CONVERSION = YES;
				CLANG_WARN_NON_LITERAL_NULL_CONVERSION = YES;
				CLANG_WARN_OBJC_IMPLICIT_RETAIN_SELF = YES;
				CLANG_WARN_OBJC_LITERAL_CONVERSION = YES;
				CLANG_WARN_OBJC_ROOT_CLASS = YES_ERROR;
				CLANG_WARN_RANGE_LOOP_ANALYSIS = YES;
				CLANG_WARN_STRICT_PROTOTYPES = YES;
				CLANG_WARN_SUSPICIOUS_MOVE = YES;
				CLANG_WARN_UNGUARDED_AVAILABILITY = YES_AGGRESSIVE;
				CLANG_WARN_UNREACHABLE_CODE = YES;
				CLANG_WARN__DUPLICATE_METHOD_MATCH = YES;
				CODE_SIGN_IDENTITY = "iPhone Developer";
				COPY_PHASE_STRIP = NO;
				DEBUG_INFORMATION_FORMAT = "dwarf-with-dsym";
				ENABLE_NS_ASSERTIONS = NO;
				ENABLE_STRICT_OBJC_MSGSEND = YES;
				GCC_C_LANGUAGE_STANDARD = gnu11;
				GCC_NO_COMMON_BLOCKS = YES;
				GCC_WARN_64_TO_32_BIT_CONVERSION = YES;
				GCC_WARN_ABOUT_RETURN_TYPE = YES_ERROR;
				GCC_WARN_UNDECLARED_SELECTOR = YES;
				GCC_WARN_UNINITIALIZED_AUTOS = YES_AGGRESSIVE;
				GCC_WARN_UNUSED_FUNCTION = YES;
				GCC_WARN_UNUSED_VARIABLE = YES;
				IPHONEOS_DEPLOYMENT_TARGET = 12.2;
				MTL_ENABLE_DEBUG_INFO = NO;
				MTL_FAST_MATH = YES;
				SDKROOT = iphoneos;
				SWIFT_COMPILATION_MODE = wholemodule;
				SWIFT_OPTIMIZATION_LEVEL = "-O";
				VALIDATE_PRODUCT = YES;
			};
			name = Release;
		};
		48E921DA22D97507007EF7A0 /* Debug */ = {
			isa = XCBuildConfiguration;
			baseConfigurationReference = 53CF705B0719A3A4F12B97DD /* Pods-!Beethinking.debug.xcconfig */;
			buildSettings = {
				ASSETCATALOG_COMPILER_APPICON_NAME = AppIcon;
				CODE_SIGN_IDENTITY = "iPhone Developer";
				CODE_SIGN_STYLE = Automatic;
				DEVELOPMENT_TEAM = UP973592FU;
				INFOPLIST_FILE = Beethinking/Info.plist;
				IPHONEOS_DEPLOYMENT_TARGET = 11.4;
				LD_RUNPATH_SEARCH_PATHS = (
					"$(inherited)",
					"@executable_path/Frameworks",
				);
				MARKETING_VERSION = 1.1.3;
				PRODUCT_BUNDLE_IDENTIFIER = jp.kuchuan.thinkingmethod;
				PRODUCT_NAME = "$(TARGET_NAME)";
				PROVISIONING_PROFILE_SPECIFIER = "";
				SWIFT_VERSION = 5.0;
				TARGETED_DEVICE_FAMILY = "1,2";
			};
			name = Debug;
		};
		48E921DB22D97507007EF7A0 /* Release */ = {
			isa = XCBuildConfiguration;
			baseConfigurationReference = EAE278A870E1E305008D8DDE /* Pods-!Beethinking.release.xcconfig */;
			buildSettings = {
				ASSETCATALOG_COMPILER_APPICON_NAME = AppIcon;
				CODE_SIGN_IDENTITY = "iPhone Developer";
				CODE_SIGN_STYLE = Automatic;
				DEVELOPMENT_TEAM = UP973592FU;
				INFOPLIST_FILE = Beethinking/Info.plist;
				IPHONEOS_DEPLOYMENT_TARGET = 11.4;
				LD_RUNPATH_SEARCH_PATHS = (
					"$(inherited)",
					"@executable_path/Frameworks",
				);
				MARKETING_VERSION = 1.1.3;
				PRODUCT_BUNDLE_IDENTIFIER = jp.kuchuan.thinkingmethod;
				PRODUCT_NAME = "$(TARGET_NAME)";
				PROVISIONING_PROFILE_SPECIFIER = "";
				SWIFT_VERSION = 5.0;
				TARGETED_DEVICE_FAMILY = "1,2";
			};
			name = Release;
		};
/* End XCBuildConfiguration section */

/* Begin XCConfigurationList section */
		48E921C222D97507007EF7A0 /* Build configuration list for PBXProject "BeeThinking" */ = {
			isa = XCConfigurationList;
			buildConfigurations = (
				48E921D722D97507007EF7A0 /* Debug */,
				48E921D822D97507007EF7A0 /* Release */,
			);
			defaultConfigurationIsVisible = 0;
			defaultConfigurationName = Release;
		};
		48E921D922D97507007EF7A0 /* Build configuration list for PBXNativeTarget "!Beethinking" */ = {
			isa = XCConfigurationList;
			buildConfigurations = (
				48E921DA22D97507007EF7A0 /* Debug */,
				48E921DB22D97507007EF7A0 /* Release */,
			);
			defaultConfigurationIsVisible = 0;
			defaultConfigurationName = Release;
		};
/* End XCConfigurationList section */
	};
	rootObject = 48E921BF22D97507007EF7A0 /* Project object */;
}
